
Microsoft Visual Studio Solution File, Format Version 12.00
# Visual Studio Version 16
VisualStudioVersion = 16.0.31605.320
MinimumVisualStudioVersion = 10.0.40219.1
Project("{FAE04EC0-301F-11D3-BF4B-00C04F79EFBC}") = "eBookManager", "eBookManager\eBookManager.csproj", "{0B9D01DD-89C8-44FA-BB9D-3221E7FB78BC}"
EndProject
Project("{FAE04EC0-301F-11D3-BF4B-00C04F79EFBC}") = "eBookManager.Engine", "eBookManager.Engine\eBookManager.Engine.csproj", "{576A1691-57D7-4DB4-9101-04E48130D072}"
EndProject
Project("{FAE04EC0-301F-11D3-BF4B-00C04F79EFBC}") = "eBookManager.Helper", "eBookManager.Helper\eBookManager.Helper.csproj", "{FBDCA653-EB3A-4381-B483-ACBFA6029294}"
EndProject
Global
	GlobalSection(SolutionConfigurationPlatforms) = preSolution
		Debug|Any CPU = Debug|Any CPU
		Release|Any CPU = Release|Any CPU
	EndGlobalSection
	GlobalSection(ProjectConfigurationPlatforms) = postSolution
		{0B9D01DD-89C8-44FA-BB9D-3221E7FB78BC}.Debug|Any CPU.ActiveCfg = Debug|Any CPU
		{0B9D01DD-89C8-44FA-BB9D-3221E7FB78BC}.Debug|Any CPU.Build.0 = Debug|Any CPU
		{0B9D01DD-89C8-44FA-BB9D-3221E7FB78BC}.Release|Any CPU.ActiveCfg = Release|Any CPU
		{0B9D01DD-89C8-44FA-BB9D-3221E7FB78BC}.Release|Any CPU.Build.0 = Release|Any CPU
		{576A1691-57D7-4DB4-9101-04E48130D072}.Debug|Any CPU.ActiveCfg = Debug|Any CPU
		{576A1691-57D7-4DB4-9101-04E48130D072}.Debug|Any CPU.Build.0 = Debug|Any CPU
		{576A1691-57D7-4DB4-9101-04E48130D072}.Release|Any CPU.ActiveCfg = Release|Any CPU
		{576A1691-57D7-4DB4-9101-04E48130D072}.Release|Any CPU.Build.0 = Release|Any CPU
		{FBDCA653-EB3A-4381-B483-ACBFA6029294}.Debug|Any CPU.ActiveCfg = Debug|Any CPU
		{FBDCA653-EB3A-4381-B483-ACBFA6029294}.Debug|Any CPU.Build.0 = Debug|Any CPU
		{FBDCA653-EB3A-4381-B483-ACBFA6029294}.Release|Any CPU.ActiveCfg = Release|Any CPU
		{FBDCA653-EB3A-4381-B483-ACBFA6029294}.Release|Any CPU.Build.0 = Release|Any CPU
	EndGlobalSection
	GlobalSection(SolutionProperties) = preSolution
		HideSolutionNode = FALSE
	EndGlobalSection
	GlobalSection(ExtensibilityGlobals) = postSolution
		SolutionGuid = {14EF5C28-EF3B-4C5C-81B5-437FED642660}
	EndGlobalSection
EndGlobal
